
Microsoft Visual Studio Solution File, Format Version 12.00
# Visual Studio Version 17
VisualStudioVersion = 17.4.33213.308
MinimumVisualStudioVersion = 10.0.40219.1
Project("{FAE04EC0-301F-11D3-BF4B-00C04F79EFBC}") = "MvcMovie", "MvcMovie.csproj", "{DEE1BF44-EF66-48C1-86EF-A226A8A415EE}"
EndProject
Global
	GlobalSection(SolutionConfigurationPlatforms) = preSolution
		Debug|Any CPU = Debug|Any CPU
		Release|Any CPU = Release|Any CPU
	EndGlobalSection
	GlobalSection(ProjectConfigurationPlatforms) = postSolution
		{DEE1BF44-EF66-48C1-86EF-A226A8A415EE}.Debug|Any CPU.ActiveCfg = Debug|Any CPU
		{DEE1BF44-EF66-48C1-86EF-A226A8A415EE}.Debug|Any CPU.Build.0 = Debug|Any CPU
		{DEE1BF44-EF66-48C1-86EF-A226A8A415EE}.Release|Any CPU.ActiveCfg = Release|Any CPU
		{DEE1BF44-EF66-48C1-86EF-A226A8A415EE}.Release|Any CPU.Build.0 = Release|Any CPU
	EndGlobalSection
	GlobalSection(SolutionProperties) = preSolution
		HideSolutionNode = FALSE
	EndGlobalSection
	GlobalSection(ExtensibilityGlobals) = postSolution
		SolutionGuid = {B0991D81-07AE-4E00-AD6C-7F7BB629CA29}
	EndGlobalSection
EndGlobal
